// !$*UTF8*$!
{
	archiveVersion = 1;
	classes = {
	};
	objectVersion = 50;
	objects = {

/* Begin PBXBuildFile section */
		69C556AB2400A7C400EBCA71 /* input.cpp in Sources */ = {isa = PBXBuildFile; fileRef = 69C556A42400A7C400EBCA71 /* input.cpp */; };
		69C556AC2400A7C400EBCA71 /* threading.cpp in Sources */ = {isa = PBXBuildFile; fileRef = 69C556A72400A7C400EBCA71 /* threading.cpp */; };
		69C556AE2400A7C400EBCA71 /* TandS.cpp in Sources */ = {isa = PBXBuildFile; fileRef = 69C556A92400A7C400EBCA71 /* TandS.cpp */; };
		69C556B1240471EE00EBCA71 /* testAndRun.cpp in Sources */ = {isa = PBXBuildFile; fileRef = 69C556AF240471EE00EBCA71 /* testAndRun.cpp */; };
/* End PBXBuildFile section */

/* Begin PBXCopyFilesBuildPhase section */
		69C5568B23FE12A800EBCA71 /* CopyFiles */ = {
			isa = PBXCopyFilesBuildPhase;
			buildActionMask = 2147483647;
			dstPath = /usr/share/man/man1/;
			dstSubfolderSpec = 0;
			files = (
			);
			runOnlyForDeploymentPostprocessing = 1;
		};
/* End PBXCopyFilesBuildPhase section */

/* Begin PBXFileReference section */
		69C5568D23FE12A800EBCA71 /* multithreaded-producer-consumer */ = {isa = PBXFileReference; explicitFileType = "compiled.mach-o.executable"; includeInIndex = 0; path = "multithreaded-producer-consumer"; sourceTree = BUILT_PRODUCTS_DIR; };
		69C556A42400A7C400EBCA71 /* input.cpp */ = {isa = PBXFileReference; fileEncoding = 4; lastKnownFileType = sourcecode.cpp.cpp; path = input.cpp; sourceTree = SOURCE_ROOT; };
		69C556A52400A7C400EBCA71 /* input.hpp */ = {isa = PBXFileReference; fileEncoding = 4; lastKnownFileType = sourcecode.cpp.h; path = input.hpp; sourceTree = SOURCE_ROOT; };
		69C556A72400A7C400EBCA71 /* threading.cpp */ = {isa = PBXFileReference; fileEncoding = 4; lastKnownFileType = sourcecode.cpp.cpp; path = threading.cpp; sourceTree = SOURCE_ROOT; };
		69C556A92400A7C400EBCA71 /* TandS.cpp */ = {isa = PBXFileReference; fileEncoding = 4; lastKnownFileType = sourcecode.cpp.cpp; path = TandS.cpp; sourceTree = SOURCE_ROOT; };
		69C556AA2400A7C400EBCA71 /* threading.hpp */ = {isa = PBXFileReference; fileEncoding = 4; lastKnownFileType = sourcecode.cpp.h; path = threading.hpp; sourceTree = SOURCE_ROOT; };
		69C556AF240471EE00EBCA71 /* testAndRun.cpp */ = {isa = PBXFileReference; lastKnownFileType = sourcecode.cpp.cpp; path = testAndRun.cpp; sourceTree = SOURCE_ROOT; };
		69C556B0240471EE00EBCA71 /* testAndRun.hpp */ = {isa = PBXFileReference; lastKnownFileType = sourcecode.cpp.h; path = testAndRun.hpp; sourceTree = SOURCE_ROOT; };
/* End PBXFileReference section */

/* Begin PBXFrameworksBuildPhase section */
		69C5568A23FE12A800EBCA71 /* Frameworks */ = {
			isa = PBXFrameworksBuildPhase;
			buildActionMask = 2147483647;
			files = (
			);
			runOnlyForDeploymentPostprocessing = 0;
		};
/* End PBXFrameworksBuildPhase section */

/* Begin PBXGroup section */
		69C5568423FE12A800EBCA71 = {
			isa = PBXGroup;
			children = (
				69C5568F23FE12A800EBCA71 /* multithreaded-producer-consumer */,
				69C5568E23FE12A800EBCA71 /* Products */,
			);
			sourceTree = "<group>";
		};
		69C5568E23FE12A800EBCA71 /* Products */ = {
			isa = PBXGroup;
			children = (
				69C5568D23FE12A800EBCA71 /* multithreaded-producer-consumer */,
			);
			name = Products;
			sourceTree = "<group>";
		};
		69C5568F23FE12A800EBCA71 /* multithreaded-producer-consumer */ = {
			isa = PBXGroup;
			children = (
				69C556A42400A7C400EBCA71 /* input.cpp */,
				69C556A52400A7C400EBCA71 /* input.hpp */,
				69C556A92400A7C400EBCA71 /* TandS.cpp */,
				69C556A72400A7C400EBCA71 /* threading.cpp */,
				69C556AA2400A7C400EBCA71 /* threading.hpp */,
				69C556AF240471EE00EBCA71 /* testAndRun.cpp */,
				69C556B0240471EE00EBCA71 /* testAndRun.hpp */,
			);
			path = "multithreaded-producer-consumer";
			sourceTree = "<group>";
		};
/* End PBXGroup section */

/* Begin PBXNativeTarget section */
		69C5568C23FE12A800EBCA71 /* multithreaded-producer-consumer */ = {
			isa = PBXNativeTarget;
			buildConfigurationList = 69C5569423FE12A800EBCA71 /* Build configuration list for PBXNativeTarget "multithreaded-producer-consumer" */;
			buildPhases = (
				69C5568923FE12A800EBCA71 /* Sources */,
				69C5568A23FE12A800EBCA71 /* Frameworks */,
				69C5568B23FE12A800EBCA71 /* CopyFiles */,
			);
			buildRules = (
			);
			dependencies = (
			);
			name = "multithreaded-producer-consumer";
			productName = "multithreaded-producer-consumer";
			productReference = 69C5568D23FE12A800EBCA71 /* multithreaded-producer-consumer */;
			productType = "com.apple.product-type.tool";
		};
/* End PBXNativeTarget section */

/* Begin PBXProject section */
		69C5568523FE12A800EBCA71 /* Project object */ = {
			isa = PBXProject;
			attributes = {
				LastUpgradeCheck = 1130;
				TargetAttributes = {
					69C5568C23FE12A800EBCA71 = {
						CreatedOnToolsVersion = 11.3.1;
					};
				};
			};
			buildConfigurationList = 69C5568823FE12A800EBCA71 /* Build configuration list for PBXProject "multithreaded-producer-consumer" */;
			compatibilityVersion = "Xcode 9.3";
			developmentRegion = en;
			hasScannedForEncodings = 0;
			knownRegions = (
				en,
				Base,
			);
			mainGroup = 69C5568423FE12A800EBCA71;
			productRefGroup = 69C5568E23FE12A800EBCA71 /* Products */;
			projectDirPath = "";
			projectRoot = "";
			targets = (
				69C5568C23FE12A800EBCA71 /* multithreaded-producer-consumer */,
			);
		};
/* End PBXProject section */

/* Begin PBXSourcesBuildPhase section */
		69C5568923FE12A800EBCA71 /* Sources */ = {
			isa = PBXSourcesBuildPhase;
			buildActionMask = 2147483647;
			files = (
				69C556AE2400A7C400EBCA71 /* TandS.cpp in Sources */,
				69C556AC2400A7C400EBCA71 /* threading.cpp in Sources */,
				69C556AB2400A7C400EBCA71 /* input.cpp in Sources */,
				69C556B1240471EE00EBCA71 /* testAndRun.cpp in Sources */,
			);
			runOnlyForDeploymentPostprocessing = 0;
		};
/* End PBXSourcesBuildPhase section */

/* Begin XCBuildConfiguration section */
		69C5569223FE12A800EBCA71 /* Debug */ = {
			isa = XCBuildConfiguration;
			buildSettings = {
				ALWAYS_SEARCH_USER_PATHS = NO;
				CLANG_ANALYZER_NONNULL = YES;
				CLANG_ANALYZER_NUMBER_OBJECT_CONVERSION = YES_AGGRESSIVE;
				CLANG_CXX_LANGUAGE_STANDARD = "gnu++14";
				CLANG_CXX_LIBRARY = "libc++";
				CLANG_ENABLE_MODULES = YES;
				CLANG_ENABLE_OBJC_ARC = YES;
				CLANG_ENABLE_OBJC_WEAK = YES;
				CLANG_WARN_BLOCK_CAPTURE_AUTORELEASING = YES;
				CLANG_WARN_BOOL_CONVERSION = YES;
				CLANG_WARN_COMMA = YES;
				CLANG_WARN_CONSTANT_CONVERSION = YES;
				CLANG_WARN_DEPRECATED_OBJC_IMPLEMENTATIONS = YES;
				CLANG_WARN_DIRECT_OBJC_ISA_USAGE = YES_ERROR;
				CLANG_WARN_DOCUMENTATION_COMMENTS = YES;
				CLANG_WARN_EMPTY_BODY = YES;
				CLANG_WARN_ENUM_CONVERSION = YES;
				CLANG_WARN_INFINITE_RECURSION = YES;
				CLANG_WARN_INT_CONVERSION = YES;
				CLANG_WARN_NON_LITERAL_NULL_CONVERSION = YES;
				CLANG_WARN_OBJC_IMPLICIT_RETAIN_SELF = YES;
				CLANG_WARN_OBJC_LITERAL_CONVERSION = YES;
				CLANG_WARN_OBJC_ROOT_CLASS = YES_ERROR;
				CLANG_WARN_RANGE_LOOP_ANALYSIS = YES;
				CLANG_WARN_STRICT_PROTOTYPES = YES;
				CLANG_WARN_SUSPICIOUS_MOVE = YES;
				CLANG_WARN_UNGUARDED_AVAILABILITY = YES_AGGRESSIVE;
				CLANG_WARN_UNREACHABLE_CODE = YES;
				CLANG_WARN__DUPLICATE_METHOD_MATCH = YES;
				COPY_PHASE_STRIP = NO;
				DEBUG_INFORMATION_FORMAT = dwarf;
				ENABLE_STRICT_OBJC_MSGSEND = YES;
				ENABLE_TESTABILITY = YES;
				GCC_C_LANGUAGE_STANDARD = gnu11;
				GCC_DYNAMIC_NO_PIC = NO;
				GCC_NO_COMMON_BLOCKS = YES;
				GCC_OPTIMIZATION_LEVEL = 0;
				GCC_PREPROCESSOR_DEFINITIONS = (
					"DEBUG=1",
					"$(inherited)",
				);
				GCC_WARN_64_TO_32_BIT_CONVERSION = YES;
				GCC_WARN_ABOUT_RETURN_TYPE = YES_ERROR;
				GCC_WARN_UNDECLARED_SELECTOR = YES;
				GCC_WARN_UNINITIALIZED_AUTOS = YES_AGGRESSIVE;
				GCC_WARN_UNUSED_FUNCTION = YES;
				GCC_WARN_UNUSED_VARIABLE = YES;
				MACOSX_DEPLOYMENT_TARGET = 10.15;
				MTL_ENABLE_DEBUG_INFO = INCLUDE_SOURCE;
				MTL_FAST_MATH = YES;
				ONLY_ACTIVE_ARCH = YES;
				SDKROOT = macosx;
			};
			name = Debug;
		};
		69C5569323FE12A800EBCA71 /* Release */ = {
			isa = XCBuildConfiguration;
			buildSettings = {
				ALWAYS_SEARCH_USER_PATHS = NO;
				CLANG_ANALYZER_NONNULL = YES;
				CLANG_ANALYZER_NUMBER_OBJECT_CONVERSION = YES_AGGRESSIVE;
				CLANG_CXX_LANGUAGE_STANDARD = "gnu++14";
				CLANG_CXX_LIBRARY = "libc++";
				CLANG_ENABLE_MODULES = YES;
				CLANG_ENABLE_OBJC_ARC = YES;
				CLANG_ENABLE_OBJC_WEAK = YES;
				CLANG_WARN_BLOCK_CAPTURE_AUTORELEASING = YES;
				CLANG_WARN_BOOL_CONVERSION = YES;
				CLANG_WARN_COMMA = YES;
				CLANG_WARN_CONSTANT_CONVERSION = YES;
				CLANG_WARN_DEPRECATED_OBJC_IMPLEMENTATIONS = YES;
				CLANG_WARN_DIRECT_OBJC_ISA_USAGE = YES_ERROR;
				CLANG_WARN_DOCUMENTATION_COMMENTS = YES;
				CLANG_WARN_EMPTY_BODY = YES;
				CLANG_WARN_ENUM_CONVERSION = YES;
				CLANG_WARN_INFINITE_RECURSION = YES;
				CLANG_WARN_INT_CONVERSION = YES;
				CLANG_WARN_NON_LITERAL_NULL_CONVERSION = YES;
				CLANG_WARN_OBJC_IMPLICIT_RETAIN_SELF = YES;
				CLANG_WARN_OBJC_LITERAL_CONVERSION = YES;
				CLANG_WARN_OBJC_ROOT_CLASS = YES_ERROR;
				CLANG_WARN_RANGE_LOOP_ANALYSIS = YES;
				CLANG_WARN_STRICT_PROTOTYPES = YES;
				CLANG_WARN_SUSPICIOUS_MOVE = YES;
				CLANG_WARN_UNGUARDED_AVAILABILITY = YES_AGGRESSIVE;
				CLANG_WARN_UNREACHABLE_CODE = YES;
				CLANG_WARN__DUPLICATE_METHOD_MATCH = YES;
				COPY_PHASE_STRIP = NO;
				DEBUG_INFORMATION_FORMAT = "dwarf-with-dsym";
				ENABLE_NS_ASSERTIONS = NO;
				ENABLE_STRICT_OBJC_MSGSEND = YES;
				GCC_C_LANGUAGE_STANDARD = gnu11;
				GCC_NO_COMMON_BLOCKS = YES;
				GCC_WARN_64_TO_32_BIT_CONVERSION = YES;
				GCC_WARN_ABOUT_RETURN_TYPE = YES_ERROR;
				GCC_WARN_UNDECLARED_SELECTOR = YES;
				GCC_WARN_UNINITIALIZED_AUTOS = YES_AGGRESSIVE;
				GCC_WARN_UNUSED_FUNCTION = YES;
				GCC_WARN_UNUSED_VARIABLE = YES;
				MACOSX_DEPLOYMENT_TARGET = 10.15;
				MTL_ENABLE_DEBUG_INFO = NO;
				MTL_FAST_MATH = YES;
				SDKROOT = macosx;
			};
			name = Release;
		};
		69C5569523FE12A800EBCA71 /* Debug */ = {
			isa = XCBuildConfiguration;
			buildSettings = {
				CODE_SIGN_STYLE = Automatic;
				PRODUCT_NAME = "$(TARGET_NAME)";
			};
			name = Debug;
		};
		69C5569623FE12A800EBCA71 /* Release */ = {
			isa = XCBuildConfiguration;
			buildSettings = {
				CODE_SIGN_STYLE = Automatic;
				PRODUCT_NAME = "$(TARGET_NAME)";
			};
			name = Release;
		};
/* End XCBuildConfiguration section */

/* Begin XCConfigurationList section */
		69C5568823FE12A800EBCA71 /* Build configuration list for PBXProject "multithreaded-producer-consumer" */ = {
			isa = XCConfigurationList;
			buildConfigurations = (
				69C5569223FE12A800EBCA71 /* Debug */,
				69C5569323FE12A800EBCA71 /* Release */,
			);
			defaultConfigurationIsVisible = 0;
			defaultConfigurationName = Release;
		};
		69C5569423FE12A800EBCA71 /* Build configuration list for PBXNativeTarget "multithreaded-producer-consumer" */ = {
			isa = XCConfigurationList;
			buildConfigurations = (
				69C5569523FE12A800EBCA71 /* Debug */,
				69C5569623FE12A800EBCA71 /* Release */,
			);
			defaultConfigurationIsVisible = 0;
			defaultConfigurationName = Release;
		};
/* End XCConfigurationList section */
	};
	rootObject = 69C5568523FE12A800EBCA71 /* Project object */;
}
